github.com/SourceFellows/somelib v0.0.1 h1:dZ6UxU5vrbKag3mFx6h1LEpHulUTI6s9hFsNs+996IY=
github.com/SourceFellows/somelib v0.0.1/go.mod h1:acrwWUtWlfzG22eWIsriyO+Qu6it2dIHQZO21HFpRwY=
github.com/SourceFellows/somelib v0.0.2 h1:mRbh02CVY098DPnLaTGeBeeCfYkoBY8U2v3ZJk/Zyvo=
github.com/SourceFellows/somelib v0.0.2/go.mod h1:acrwWUtWlfzG22eWIsriyO+Qu6it2dIHQZO21HFpRwY=
